
Microsoft Visual Studio Solution File, Format Version 12.00
# Visual Studio Version 16
VisualStudioVersion = 16.0.32413.511
MinimumVisualStudioVersion = 10.0.40219.1
Project("{FAE04EC0-301F-11D3-BF4B-00C04F79EFBC}") = "Server", "Server\Server.csproj", "{2B05F4F8-0911-473B-8205-6508DBCBB5AB}"
EndProject
Global
	GlobalSection(SolutionConfigurationPlatforms) = preSolution
		Debug|Any CPU = Debug|Any CPU
		Release|Any CPU = Release|Any CPU
	EndGlobalSection
	GlobalSection(ProjectConfigurationPlatforms) = postSolution
		{2B05F4F8-0911-473B-8205-6508DBCBB5AB}.Debug|Any CPU.ActiveCfg = Debug|Any CPU
		{2B05F4F8-0911-473B-8205-6508DBCBB5AB}.Debug|Any CPU.Build.0 = Debug|Any CPU
		{2B05F4F8-0911-473B-8205-6508DBCBB5AB}.Release|Any CPU.ActiveCfg = Release|Any CPU
		{2B05F4F8-0911-473B-8205-6508DBCBB5AB}.Release|Any CPU.Build.0 = Release|Any CPU
	EndGlobalSection
	GlobalSection(SolutionProperties) = preSolution
		HideSolutionNode = FALSE
	EndGlobalSection
	GlobalSection(ExtensibilityGlobals) = postSolution
		SolutionGuid = {7E39B3F4-1250-46ED-8D39-6CD8D0942146}
	EndGlobalSection
EndGlobal
